
Microsoft Visual Studio Solution File, Format Version 12.00
# Visual Studio Version 17
VisualStudioVersion = 17.7.34202.233
MinimumVisualStudioVersion = 10.0.40219.1
Project("{FAE04EC0-301F-11D3-BF4B-00C04F79EFBC}") = "practiseproject_2", "practiseproject_2\practiseproject_2.csproj", "{9F43E474-CDEC-491D-A6FD-300E16AF2326}"
EndProject
Global
	GlobalSection(SolutionConfigurationPlatforms) = preSolution
		Debug|Any CPU = Debug|Any CPU
		Release|Any CPU = Release|Any CPU
	EndGlobalSection
	GlobalSection(ProjectConfigurationPlatforms) = postSolution
		{9F43E474-CDEC-491D-A6FD-300E16AF2326}.Debug|Any CPU.ActiveCfg = Debug|Any CPU
		{9F43E474-CDEC-491D-A6FD-300E16AF2326}.Debug|Any CPU.Build.0 = Debug|Any CPU
		{9F43E474-CDEC-491D-A6FD-300E16AF2326}.Release|Any CPU.ActiveCfg = Release|Any CPU
		{9F43E474-CDEC-491D-A6FD-300E16AF2326}.Release|Any CPU.Build.0 = Release|Any CPU
	EndGlobalSection
	GlobalSection(SolutionProperties) = preSolution
		HideSolutionNode = FALSE
	EndGlobalSection
	GlobalSection(ExtensibilityGlobals) = postSolution
		SolutionGuid = {3CB92090-A2C2-4690-8E88-D912D91E8BC3}
	EndGlobalSection
EndGlobal
